
Microsoft Visual Studio Solution File, Format Version 12.00
# Visual Studio Version 16
VisualStudioVersion = 16.0.31402.337
MinimumVisualStudioVersion = 10.0.40219.1
Project("{FAE04EC0-301F-11D3-BF4B-00C04F79EFBC}") = "CapaPresentacion", "CapaPresentacion\CapaPresentacion.csproj", "{33FDB62A-52ED-4374-9D22-3908317B53DC}"
EndProject
Project("{FAE04EC0-301F-11D3-BF4B-00C04F79EFBC}") = "CapaLogicaNegocio", "CapaLogicaNegocio\CapaLogicaNegocio.csproj", "{0C0633FF-98D4-4A72-A8A7-40AEE1903905}"
EndProject
Project("{FAE04EC0-301F-11D3-BF4B-00C04F79EFBC}") = "CapaAccesoDatos", "CapaAccesoDatos\CapaAccesoDatos.csproj", "{222EBFE8-7AC5-4A8A-A748-33A75E567CB7}"
EndProject
Global
	GlobalSection(SolutionConfigurationPlatforms) = preSolution
		Debug|Any CPU = Debug|Any CPU
		Release|Any CPU = Release|Any CPU
	EndGlobalSection
	GlobalSection(ProjectConfigurationPlatforms) = postSolution
		{33FDB62A-52ED-4374-9D22-3908317B53DC}.Debug|Any CPU.ActiveCfg = Debug|Any CPU
		{33FDB62A-52ED-4374-9D22-3908317B53DC}.Debug|Any CPU.Build.0 = Debug|Any CPU
		{33FDB62A-52ED-4374-9D22-3908317B53DC}.Release|Any CPU.ActiveCfg = Release|Any CPU
		{33FDB62A-52ED-4374-9D22-3908317B53DC}.Release|Any CPU.Build.0 = Release|Any CPU
		{0C0633FF-98D4-4A72-A8A7-40AEE1903905}.Debug|Any CPU.ActiveCfg = Debug|Any CPU
		{0C0633FF-98D4-4A72-A8A7-40AEE1903905}.Debug|Any CPU.Build.0 = Debug|Any CPU
		{0C0633FF-98D4-4A72-A8A7-40AEE1903905}.Release|Any CPU.ActiveCfg = Release|Any CPU
		{0C0633FF-98D4-4A72-A8A7-40AEE1903905}.Release|Any CPU.Build.0 = Release|Any CPU
		{222EBFE8-7AC5-4A8A-A748-33A75E567CB7}.Debug|Any CPU.ActiveCfg = Debug|Any CPU
		{222EBFE8-7AC5-4A8A-A748-33A75E567CB7}.Debug|Any CPU.Build.0 = Debug|Any CPU
		{222EBFE8-7AC5-4A8A-A748-33A75E567CB7}.Release|Any CPU.ActiveCfg = Release|Any CPU
		{222EBFE8-7AC5-4A8A-A748-33A75E567CB7}.Release|Any CPU.Build.0 = Release|Any CPU
	EndGlobalSection
	GlobalSection(SolutionProperties) = preSolution
		HideSolutionNode = FALSE
	EndGlobalSection
	GlobalSection(ExtensibilityGlobals) = postSolution
		SolutionGuid = {C610410A-0B2C-49EF-8770-46D6B1446850}
	EndGlobalSection
EndGlobal
